// !$*UTF8*$!
{
	archiveVersion = 1;
	classes = {
	};
	objectVersion = 77;
	objects = {

/* Begin PBXBuildFile section */
		2E1AB0CB2F087D66002640A1 /* FirebaseAuth in Frameworks */ = {isa = PBXBuildFile; productRef = 2E1AB0CA2F087D66002640A1 /* FirebaseAuth */; };
		2E1AB0CD2F087D79002640A1 /* FirebaseCore in Frameworks */ = {isa = PBXBuildFile; productRef = 2E1AB0CC2F087D79002640A1 /* FirebaseCore */; };
		2E1AB0CF2F087DBB002640A1 /* FirebaseFirestore in Frameworks */ = {isa = PBXBuildFile; productRef = 2E1AB0CE2F087DBB002640A1 /* FirebaseFirestore */; };
		2E1AB0D32F087E42002640A1 /* FirebaseStorage in Frameworks */ = {isa = PBXBuildFile; productRef = 2E1AB0D22F087E42002640A1 /* FirebaseStorage */; };
		2EA0FA442F0B2EFE003902CA /* GoogleService-Info-2.plist in Resources */ = {isa = PBXBuildFile; fileRef = 2EA0FA432F0B2EFE003902CA /* GoogleService-Info-2.plist */; };
		2EA0FA4C2F0B6BDB003902CA /* FirebaseDatabase in Frameworks */ = {isa = PBXBuildFile; productRef = 2EA0FA4B2F0B6BDB003902CA /* FirebaseDatabase */; };
/* End PBXBuildFile section */

/* Begin PBXContainerItemProxy section */
		2EAE2B8F2EE0AAA50058A5B7 /* PBXContainerItemProxy */ = {
			isa = PBXContainerItemProxy;
			containerPortal = 2EAE2B762EE0AAA10058A5B7 /* Project object */;
			proxyType = 1;
			remoteGlobalIDString = 2EAE2B7D2EE0AAA10058A5B7;
			remoteInfo = "Get Active";
		};
		2EAE2B992EE0AAA50058A5B7 /* PBXContainerItemProxy */ = {
			isa = PBXContainerItemProxy;
			containerPortal = 2EAE2B762EE0AAA10058A5B7 /* Project object */;
			proxyType = 1;
			remoteGlobalIDString = 2EAE2B7D2EE0AAA10058A5B7;
			remoteInfo = "Get Active";
		};
/* End PBXContainerItemProxy section */

/* Begin PBXFileReference section */
		2EA0FA432F0B2EFE003902CA /* GoogleService-Info-2.plist */ = {isa = PBXFileReference; lastKnownFileType = text.plist.xml; path = "GoogleService-Info-2.plist"; sourceTree = "<group>"; };
		2EAE2B7E2EE0AAA10058A5B7 /* Get Active.app */ = {isa = PBXFileReference; explicitFileType = wrapper.application; includeInIndex = 0; path = "Get Active.app"; sourceTree = BUILT_PRODUCTS_DIR; };
		2EAE2B8E2EE0AAA50058A5B7 /* Get ActiveTests.xctest */ = {isa = PBXFileReference; explicitFileType = wrapper.cfbundle; includeInIndex = 0; path = "Get ActiveTests.xctest"; sourceTree = BUILT_PRODUCTS_DIR; };
		2EAE2B982EE0AAA50058A5B7 /* Get ActiveUITests.xctest */ = {isa = PBXFileReference; explicitFileType = wrapper.cfbundle; includeInIndex = 0; path = "Get ActiveUITests.xctest"; sourceTree = BUILT_PRODUCTS_DIR; };
/* End PBXFileReference section */

/* Begin PBXFileSystemSynchronizedRootGroup section */
		2EAE2B802EE0AAA10058A5B7 /* Get Active */ = {
			isa = PBXFileSystemSynchronizedRootGroup;
			path = "Get Active";
			sourceTree = "<group>";
		};
/* End PBXFileSystemSynchronizedRootGroup section */

/* Begin PBXFrameworksBuildPhase section */
		2EAE2B7B2EE0AAA10058A5B7 /* Frameworks */ = {
			isa = PBXFrameworksBuildPhase;
			buildActionMask = 2147483647;
			files = (
				2EA0FA4C2F0B6BDB003902CA /* FirebaseDatabase in Frameworks */,
				2E1AB0CD2F087D79002640A1 /* FirebaseCore in Frameworks */,
				2E1AB0D32F087E42002640A1 /* FirebaseStorage in Frameworks */,
				2E1AB0CB2F087D66002640A1 /* FirebaseAuth in Frameworks */,
				2E1AB0CF2F087DBB002640A1 /* FirebaseFirestore in Frameworks */,
			);
			runOnlyForDeploymentPostprocessing = 0;
		};
		2EAE2B8B2EE0AAA50058A5B7 /* Frameworks */ = {
			isa = PBXFrameworksBuildPhase;
			buildActionMask = 2147483647;
			files = (
			);
			runOnlyForDeploymentPostprocessing = 0;
		};
		2EAE2B952EE0AAA50058A5B7 /* Frameworks */ = {
			isa = PBXFrameworksBuildPhase;
			buildActionMask = 2147483647;
			files = (
			);
			runOnlyForDeploymentPostprocessing = 0;
		};
/* End PBXFrameworksBuildPhase section */

/* Begin PBXGroup section */
		2E1AB0C92F087D66002640A1 /* Frameworks */ = {
			isa = PBXGroup;
			children = (
			);
			name = Frameworks;
			sourceTree = "<group>";
		};
		2EAE2B752EE0AAA10058A5B7 = {
			isa = PBXGroup;
			children = (
				2EA0FA432F0B2EFE003902CA /* GoogleService-Info-2.plist */,
				2EAE2B802EE0AAA10058A5B7 /* Get Active */,
				2E1AB0C92F087D66002640A1 /* Frameworks */,
				2EAE2B7F2EE0AAA10058A5B7 /* Products */,
			);
			sourceTree = "<group>";
		};
		2EAE2B7F2EE0AAA10058A5B7 /* Products */ = {
			isa = PBXGroup;
			children = (
				2EAE2B7E2EE0AAA10058A5B7 /* Get Active.app */,
				2EAE2B8E2EE0AAA50058A5B7 /* Get ActiveTests.xctest */,
				2EAE2B982EE0AAA50058A5B7 /* Get ActiveUITests.xctest */,
			);
			name = Products;
			sourceTree = "<group>";
		};
/* End PBXGroup section */

/* Begin PBXNativeTarget section */
		2EAE2B7D2EE0AAA10058A5B7 /* Get Active */ = {
			isa = PBXNativeTarget;
			buildConfigurationList = 2EAE2BA22EE0AAA50058A5B7 /* Build configuration list for PBXNativeTarget "Get Active" */;
			buildPhases = (
				2EAE2B7A2EE0AAA10058A5B7 /* Sources */,
				2EAE2B7B2EE0AAA10058A5B7 /* Frameworks */,
				2EAE2B7C2EE0AAA10058A5B7 /* Resources */,
			);
			buildRules = (
			);
			dependencies = (
			);
			fileSystemSynchronizedGroups = (
				2EAE2B802EE0AAA10058A5B7 /* Get Active */,
			);
			name = "Get Active";
			packageProductDependencies = (
				2E1AB0CA2F087D66002640A1 /* FirebaseAuth */,
				2E1AB0CC2F087D79002640A1 /* FirebaseCore */,
				2E1AB0CE2F087DBB002640A1 /* FirebaseFirestore */,
				2E1AB0D22F087E42002640A1 /* FirebaseStorage */,
				2EA0FA4B2F0B6BDB003902CA /* FirebaseDatabase */,
			);
			productName = "Get Active";
			productReference = 2EAE2B7E2EE0AAA10058A5B7 /* Get Active.app */;
			productType = "com.apple.product-type.application";
		};
		2EAE2B8D2EE0AAA50058A5B7 /* Get ActiveTests */ = {
			isa = PBXNativeTarget;
			buildConfigurationList = 2EAE2BA52EE0AAA50058A5B7 /* Build configuration list for PBXNativeTarget "Get ActiveTests" */;
			buildPhases = (
				2EAE2B8A2EE0AAA50058A5B7 /* Sources */,
				2EAE2B8B2EE0AAA50058A5B7 /* Frameworks */,
				2EAE2B8C2EE0AAA50058A5B7 /* Resources */,
			);
			buildRules = (
			);
			dependencies = (
				2EAE2B902EE0AAA50058A5B7 /* PBXTargetDependency */,
			);
			name = "Get ActiveTests";
			packageProductDependencies = (
			);
			productName = "Get ActiveTests";
			productReference = 2EAE2B8E2EE0AAA50058A5B7 /* Get ActiveTests.xctest */;
			productType = "com.apple.product-type.bundle.unit-test";
		};
		2EAE2B972EE0AAA50058A5B7 /* Get ActiveUITests */ = {
			isa = PBXNativeTarget;
			buildConfigurationList = 2EAE2BA82EE0AAA50058A5B7 /* Build configuration list for PBXNativeTarget "Get ActiveUITests" */;
			buildPhases = (
				2EAE2B942EE0AAA50058A5B7 /* Sources */,
				2EAE2B952EE0AAA50058A5B7 /* Frameworks */,
				2EAE2B962EE0AAA50058A5B7 /* Resources */,
			);
			buildRules = (
			);
			dependencies = (
				2EAE2B9A2EE0AAA50058A5B7 /* PBXTargetDependency */,
			);
			name = "Get ActiveUITests";
			packageProductDependencies = (
			);
			productName = "Get ActiveUITests";
			productReference = 2EAE2B982EE0AAA50058A5B7 /* Get ActiveUITests.xctest */;
			productType = "com.apple.product-type.bundle.ui-testing";
		};
/* End PBXNativeTarget section */

/* Begin PBXProject section */
		2EAE2B762EE0AAA10058A5B7 /* Project object */ = {
			isa = PBXProject;
			attributes = {
				BuildIndependentTargetsInParallel = 1;
				LastSwiftUpdateCheck = 1620;
				LastUpgradeCheck = 1620;
				TargetAttributes = {
					2EAE2B7D2EE0AAA10058A5B7 = {
						CreatedOnToolsVersion = 16.2;
					};
					2EAE2B8D2EE0AAA50058A5B7 = {
						CreatedOnToolsVersion = 16.2;
						TestTargetID = 2EAE2B7D2EE0AAA10058A5B7;
					};
					2EAE2B972EE0AAA50058A5B7 = {
						CreatedOnToolsVersion = 16.2;
						TestTargetID = 2EAE2B7D2EE0AAA10058A5B7;
					};
				};
			};
			buildConfigurationList = 2EAE2B792EE0AAA10058A5B7 /* Build configuration list for PBXProject "Get Active" */;
			developmentRegion = en;
			hasScannedForEncodings = 0;
			knownRegions = (
				en,
				Base,
			);
			mainGroup = 2EAE2B752EE0AAA10058A5B7;
			minimizedProjectReferenceProxies = 1;
			packageReferences = (
				2E1AB0C42F087590002640A1 /* XCRemoteSwiftPackageReference "firebase-ios-sdk" */,
			);
			preferredProjectObjectVersion = 77;
			productRefGroup = 2EAE2B7F2EE0AAA10058A5B7 /* Products */;
			projectDirPath = "";
			projectRoot = "";
			targets = (
				2EAE2B7D2EE0AAA10058A5B7 /* Get Active */,
				2EAE2B8D2EE0AAA50058A5B7 /* Get ActiveTests */,
				2EAE2B972EE0AAA50058A5B7 /* Get ActiveUITests */,
			);
		};
/* End PBXProject section */

/* Begin PBXResourcesBuildPhase section */
		2EAE2B7C2EE0AAA10058A5B7 /* Resources */ = {
			isa = PBXResourcesBuildPhase;
			buildActionMask = 2147483647;
			files = (
				2EA0FA442F0B2EFE003902CA /* GoogleService-Info-2.plist in Resources */,
			);
			runOnlyForDeploymentPostprocessing = 0;
		};
		2EAE2B8C2EE0AAA50058A5B7 /* Resources */ = {
			isa = PBXResourcesBuildPhase;
			buildActionMask = 2147483647;
			files = (
			);
			runOnlyForDeploymentPostprocessing = 0;
		};
		2EAE2B962EE0AAA50058A5B7 /* Resources */ = {
			isa = PBXResourcesBuildPhase;
			buildActionMask = 2147483647;
			files = (
			);
			runOnlyForDeploymentPostprocessing = 0;
		};
/* End PBXResourcesBuildPhase section */

/* Begin PBXSourcesBuildPhase section */
		2EAE2B7A2EE0AAA10058A5B7 /* Sources */ = {
			isa = PBXSourcesBuildPhase;
			buildActionMask = 2147483647;
			files = (
			);
			runOnlyForDeploymentPostprocessing = 0;
		};
		2EAE2B8A2EE0AAA50058A5B7 /* Sources */ = {
			isa = PBXSourcesBuildPhase;
			buildActionMask = 2147483647;
			files = (
			);
			runOnlyForDeploymentPostprocessing = 0;
		};
		2EAE2B942EE0AAA50058A5B7 /* Sources */ = {
			isa = PBXSourcesBuildPhase;
			buildActionMask = 2147483647;
			files = (
			);
			runOnlyForDeploymentPostprocessing = 0;
		};
/* End PBXSourcesBuildPhase section */

/* Begin PBXTargetDependency section */
		2EAE2B902EE0AAA50058A5B7 /* PBXTargetDependency */ = {
			isa = PBXTargetDependency;
			target = 2EAE2B7D2EE0AAA10058A5B7 /* Get Active */;
			targetProxy = 2EAE2B8F2EE0AAA50058A5B7 /* PBXContainerItemProxy */;
		};
		2EAE2B9A2EE0AAA50058A5B7 /* PBXTargetDependency */ = {
			isa = PBXTargetDependency;
			target = 2EAE2B7D2EE0AAA10058A5B7 /* Get Active */;
			targetProxy = 2EAE2B992EE0AAA50058A5B7 /* PBXContainerItemProxy */;
		};
/* End PBXTargetDependency section */

/* Begin XCBuildConfiguration section */
		2EAE2BA02EE0AAA50058A5B7 /* Debug */ = {
			isa = XCBuildConfiguration;
			buildSettings = {
				ALWAYS_SEARCH_USER_PATHS = NO;
				ASSETCATALOG_COMPILER_GENERATE_SWIFT_ASSET_SYMBOL_EXTENSIONS = YES;
				CLANG_ANALYZER_NONNULL = YES;
				CLANG_ANALYZER_NUMBER_OBJECT_CONVERSION = YES_AGGRESSIVE;
				CLANG_CXX_LANGUAGE_STANDARD = "gnu++20";
				CLANG_ENABLE_MODULES = YES;
				CLANG_ENABLE_OBJC_ARC = YES;
				CLANG_ENABLE_OBJC_WEAK = YES;
				CLANG_WARN_BLOCK_CAPTURE_AUTORELEASING = YES;
				CLANG_WARN_BOOL_CONVERSION = YES;
				CLANG_WARN_COMMA = YES;
				CLANG_WARN_CONSTANT_CONVERSION = YES;
				CLANG_WARN_DEPRECATED_OBJC_IMPLEMENTATIONS = YES;
				CLANG_WARN_DIRECT_OBJC_ISA_USAGE = YES_ERROR;
				CLANG_WARN_DOCUMENTATION_COMMENTS = YES;
				CLANG_WARN_EMPTY_BODY = YES;
				CLANG_WARN_ENUM_CONVERSION = YES;
				CLANG_WARN_INFINITE_RECURSION = YES;
				CLANG_WARN_INT_CONVERSION = YES;
				CLANG_WARN_NON_LITERAL_NULL_CONVERSION = YES;
				CLANG_WARN_OBJC_IMPLICIT_RETAIN_SELF = YES;
				CLANG_WARN_OBJC_LITERAL_CONVERSION = YES;
				CLANG_WARN_OBJC_ROOT_CLASS = YES_ERROR;
				CLANG_WARN_QUOTED_INCLUDE_IN_FRAMEWORK_HEADER = YES;
				CLANG_WARN_RANGE_LOOP_ANALYSIS = YES;
				CLANG_WARN_STRICT_PROTOTYPES = YES;
				CLANG_WARN_SUSPICIOUS_MOVE = YES;
				CLANG_WARN_UNGUARDED_AVAILABILITY = YES_AGGRESSIVE;
				CLANG_WARN_UNREACHABLE_CODE = YES;
				CLANG_WARN__DUPLICATE_METHOD_MATCH = YES;
				COPY_PHASE_STRIP = NO;
				DEBUG_INFORMATION_FORMAT = dwarf;
				ENABLE_STRICT_OBJC_MSGSEND = YES;
				ENABLE_TESTABILITY = YES;
				ENABLE_USER_SCRIPT_SANDBOXING = YES;
				GCC_C_LANGUAGE_STANDARD = gnu17;
				GCC_DYNAMIC_NO_PIC = NO;
				GCC_NO_COMMON_BLOCKS = YES;
				GCC_OPTIMIZATION_LEVEL = 0;
				GCC_PREPROCESSOR_DEFINITIONS = (
					"DEBUG=1",
					"$(inherited)",
				);
				GCC_WARN_64_TO_32_BIT_CONVERSION = YES;
				GCC_WARN_ABOUT_RETURN_TYPE = YES_ERROR;
				GCC_WARN_UNDECLARED_SELECTOR = YES;
				GCC_WARN_UNINITIALIZED_AUTOS = YES_AGGRESSIVE;
				GCC_WARN_UNUSED_FUNCTION = YES;
				GCC_WARN_UNUSED_VARIABLE = YES;
				IPHONEOS_DEPLOYMENT_TARGET = 18.2;
				LOCALIZATION_PREFERS_STRING_CATALOGS = YES;
				MTL_ENABLE_DEBUG_INFO = INCLUDE_SOURCE;
				MTL_FAST_MATH = YES;
				ONLY_ACTIVE_ARCH = YES;
				SDKROOT = iphoneos;
				SWIFT_ACTIVE_COMPILATION_CONDITIONS = "DEBUG $(inherited)";
				SWIFT_OPTIMIZATION_LEVEL = "-Onone";
			};
			name = Debug;
		};
		2EAE2BA12EE0AAA50058A5B7 /* Release */ = {
			isa = XCBuildConfiguration;
			buildSettings = {
				ALWAYS_SEARCH_USER_PATHS = NO;
				ASSETCATALOG_COMPILER_GENERATE_SWIFT_ASSET_SYMBOL_EXTENSIONS = YES;
				CLANG_ANALYZER_NONNULL = YES;
				CLANG_ANALYZER_NUMBER_OBJECT_CONVERSION = YES_AGGRESSIVE;
				CLANG_CXX_LANGUAGE_STANDARD = "gnu++20";
				CLANG_ENABLE_MODULES = YES;
				CLANG_ENABLE_OBJC_ARC = YES;
				CLANG_ENABLE_OBJC_WEAK = YES;
				CLANG_WARN_BLOCK_CAPTURE_AUTORELEASING = YES;
				CLANG_WARN_BOOL_CONVERSION = YES;
				CLANG_WARN_COMMA = YES;
				CLANG_WARN_CONSTANT_CONVERSION = YES;
				CLANG_WARN_DEPRECATED_OBJC_IMPLEMENTATIONS = YES;
				CLANG_WARN_DIRECT_OBJC_ISA_USAGE = YES_ERROR;
				CLANG_WARN_DOCUMENTATION_COMMENTS = YES;
				CLANG_WARN_EMPTY_BODY = YES;
				CLANG_WARN_ENUM_CONVERSION = YES;
				CLANG_WARN_INFINITE_RECURSION = YES;
				CLANG_WARN_INT_CONVERSION = YES;
				CLANG_WARN_NON_LITERAL_NULL_CONVERSION = YES;
				CLANG_WARN_OBJC_IMPLICIT_RETAIN_SELF = YES;
				CLANG_WARN_OBJC_LITERAL_CONVERSION = YES;
				CLANG_WARN_OBJC_ROOT_CLASS = YES_ERROR;
				CLANG_WARN_QUOTED_INCLUDE_IN_FRAMEWORK_HEADER = YES;
				CLANG_WARN_RANGE_LOOP_ANALYSIS = YES;
				CLANG_WARN_STRICT_PROTOTYPES = YES;
				CLANG_WARN_SUSPICIOUS_MOVE = YES;
				CLANG_WARN_UNGUARDED_AVAILABILITY = YES_AGGRESSIVE;
				CLANG_WARN_UNREACHABLE_CODE = YES;
				CLANG_WARN__DUPLICATE_METHOD_MATCH = YES;
				COPY_PHASE_STRIP = NO;
				DEBUG_INFORMATION_FORMAT = "dwarf-with-dsym";
				ENABLE_NS_ASSERTIONS = NO;
				ENABLE_STRICT_OBJC_MSGSEND = YES;
				ENABLE_USER_SCRIPT_SANDBOXING = YES;
				GCC_C_LANGUAGE_STANDARD = gnu17;
				GCC_NO_COMMON_BLOCKS = YES;
				GCC_WARN_64_TO_32_BIT_CONVERSION = YES;
				GCC_WARN_ABOUT_RETURN_TYPE = YES_ERROR;
				GCC_WARN_UNDECLARED_SELECTOR = YES;
				GCC_WARN_UNINITIALIZED_AUTOS = YES_AGGRESSIVE;
				GCC_WARN_UNUSED_FUNCTION = YES;
				GCC_WARN_UNUSED_VARIABLE = YES;
				IPHONEOS_DEPLOYMENT_TARGET = 18.2;
				LOCALIZATION_PREFERS_STRING_CATALOGS = YES;
				MTL_ENABLE_DEBUG_INFO = NO;
				MTL_FAST_MATH = YES;
				SDKROOT = iphoneos;
				SWIFT_COMPILATION_MODE = wholemodule;
				VALIDATE_PRODUCT = YES;
			};
			name = Release;
		};
		2EAE2BA32EE0AAA50058A5B7 /* Debug */ = {
			isa = XCBuildConfiguration;
			buildSettings = {
				ASSETCATALOG_COMPILER_APPICON_NAME = AppIcon;
				ASSETCATALOG_COMPILER_GLOBAL_ACCENT_COLOR_NAME = AccentColor;
				CODE_SIGN_IDENTITY = "Apple Development";
				CODE_SIGN_STYLE = Automatic;
				CURRENT_PROJECT_VERSION = 1;
				DEVELOPMENT_ASSET_PATHS = "\"Get Active/Preview Content\"";
				DEVELOPMENT_TEAM = G87DM5F89R;
				ENABLE_PREVIEWS = YES;
				GENERATE_INFOPLIST_FILE = YES;
				INFOPLIST_KEY_CFBundleDisplayName = "get active";
				INFOPLIST_KEY_UIApplicationSceneManifest_Generation = YES;
				INFOPLIST_KEY_UIApplicationSupportsIndirectInputEvents = YES;
				INFOPLIST_KEY_UILaunchScreen_Generation = YES;
				INFOPLIST_KEY_UISupportedInterfaceOrientations_iPad = "UIInterfaceOrientationPortrait UIInterfaceOrientationPortraitUpsideDown UIInterfaceOrientationLandscapeLeft UIInterfaceOrientationLandscapeRight";
				INFOPLIST_KEY_UISupportedInterfaceOrientations_iPhone = "UIInterfaceOrientationPortrait UIInterfaceOrientationLandscapeLeft UIInterfaceOrientationLandscapeRight";
				LD_RUNPATH_SEARCH_PATHS = (
					"$(inherited)",
					"@executable_path/Frameworks",
				);
				MARKETING_VERSION = 1.0;
				PRODUCT_BUNDLE_IDENTIFIER = "Active.Get.Get-Active";
				PRODUCT_NAME = "$(TARGET_NAME)";
				PROVISIONING_PROFILE_SPECIFIER = "";
				SWIFT_EMIT_LOC_STRINGS = YES;
				SWIFT_VERSION = 5.0;
				TARGETED_DEVICE_FAMILY = "1,2";
			};
			name = Debug;
		};
		2EAE2BA42EE0AAA50058A5B7 /* Release */ = {
			isa = XCBuildConfiguration;
			buildSettings = {
				ASSETCATALOG_COMPILER_APPICON_NAME = AppIcon;
				ASSETCATALOG_COMPILER_GLOBAL_ACCENT_COLOR_NAME = AccentColor;
				CODE_SIGN_IDENTITY = "Apple Development";
				CODE_SIGN_STYLE = Automatic;
				CURRENT_PROJECT_VERSION = 1;
				DEVELOPMENT_ASSET_PATHS = "\"Get Active/Preview Content\"";
				DEVELOPMENT_TEAM = G87DM5F89R;
				ENABLE_PREVIEWS = YES;
				GENERATE_INFOPLIST_FILE = YES;
				INFOPLIST_KEY_CFBundleDisplayName = "get active";
				INFOPLIST_KEY_UIApplicationSceneManifest_Generation = YES;
				INFOPLIST_KEY_UIApplicationSupportsIndirectInputEvents = YES;
				INFOPLIST_KEY_UILaunchScreen_Generation = YES;
				INFOPLIST_KEY_UISupportedInterfaceOrientations_iPad = "UIInterfaceOrientationPortrait UIInterfaceOrientationPortraitUpsideDown UIInterfaceOrientationLandscapeLeft UIInterfaceOrientationLandscapeRight";
				INFOPLIST_KEY_UISupportedInterfaceOrientations_iPhone = "UIInterfaceOrientationPortrait UIInterfaceOrientationLandscapeLeft UIInterfaceOrientationLandscapeRight";
				LD_RUNPATH_SEARCH_PATHS = (
					"$(inherited)",
					"@executable_path/Frameworks",
				);
				MARKETING_VERSION = 1.0;
				PRODUCT_BUNDLE_IDENTIFIER = "Active.Get.Get-Active";
				PRODUCT_NAME = "$(TARGET_NAME)";
				PROVISIONING_PROFILE_SPECIFIER = "";
				SWIFT_EMIT_LOC_STRINGS = YES;
				SWIFT_VERSION = 5.0;
				TARGETED_DEVICE_FAMILY = "1,2";
			};
			name = Release;
		};
		2EAE2BA62EE0AAA50058A5B7 /* Debug */ = {
			isa = XCBuildConfiguration;
			buildSettings = {
				BUNDLE_LOADER = "$(TEST_HOST)";
				CODE_SIGN_STYLE = Automatic;
				CURRENT_PROJECT_VERSION = 1;
				DEVELOPMENT_TEAM = G87DM5F89R;
				GENERATE_INFOPLIST_FILE = YES;
				IPHONEOS_DEPLOYMENT_TARGET = 18.2;
				MARKETING_VERSION = 1.0;
				PRODUCT_BUNDLE_IDENTIFIER = "Active.Get.Get-ActiveTests";
				PRODUCT_NAME = "$(TARGET_NAME)";
				SWIFT_EMIT_LOC_STRINGS = NO;
				SWIFT_VERSION = 5.0;
				TARGETED_DEVICE_FAMILY = "1,2";
				TEST_HOST = "$(BUILT_PRODUCTS_DIR)/Get Active.app/$(BUNDLE_EXECUTABLE_FOLDER_PATH)/Get Active";
			};
			name = Debug;
		};
		2EAE2BA72EE0AAA50058A5B7 /* Release */ = {
			isa = XCBuildConfiguration;
			buildSettings = {
				BUNDLE_LOADER = "$(TEST_HOST)";
				CODE_SIGN_STYLE = Automatic;
				CURRENT_PROJECT_VERSION = 1;
				DEVELOPMENT_TEAM = G87DM5F89R;
				GENERATE_INFOPLIST_FILE = YES;
				IPHONEOS_DEPLOYMENT_TARGET = 18.2;
				MARKETING_VERSION = 1.0;
				PRODUCT_BUNDLE_IDENTIFIER = "Active.Get.Get-ActiveTests";
				PRODUCT_NAME = "$(TARGET_NAME)";
				SWIFT_EMIT_LOC_STRINGS = NO;
				SWIFT_VERSION = 5.0;
				TARGETED_DEVICE_FAMILY = "1,2";
				TEST_HOST = "$(BUILT_PRODUCTS_DIR)/Get Active.app/$(BUNDLE_EXECUTABLE_FOLDER_PATH)/Get Active";
			};
			name = Release;
		};
		2EAE2BA92EE0AAA50058A5B7 /* Debug */ = {
			isa = XCBuildConfiguration;
			buildSettings = {
				CODE_SIGN_STYLE = Automatic;
				CURRENT_PROJECT_VERSION = 1;
				DEVELOPMENT_TEAM = G87DM5F89R;
				GENERATE_INFOPLIST_FILE = YES;
				MARKETING_VERSION = 1.0;
				PRODUCT_BUNDLE_IDENTIFIER = "Active.Get.Get-ActiveUITests";
				PRODUCT_NAME = "$(TARGET_NAME)";
				SWIFT_EMIT_LOC_STRINGS = NO;
				SWIFT_VERSION = 5.0;
				TARGETED_DEVICE_FAMILY = "1,2";
				TEST_TARGET_NAME = "Get Active";
			};
			name = Debug;
		};
		2EAE2BAA2EE0AAA50058A5B7 /* Release */ = {
			isa = XCBuildConfiguration;
			buildSettings = {
				CODE_SIGN_STYLE = Automatic;
				CURRENT_PROJECT_VERSION = 1;
				DEVELOPMENT_TEAM = G87DM5F89R;
				GENERATE_INFOPLIST_FILE = YES;
				MARKETING_VERSION = 1.0;
				PRODUCT_BUNDLE_IDENTIFIER = "Active.Get.Get-ActiveUITests";
				PRODUCT_NAME = "$(TARGET_NAME)";
				SWIFT_EMIT_LOC_STRINGS = NO;
				SWIFT_VERSION = 5.0;
				TARGETED_DEVICE_FAMILY = "1,2";
				TEST_TARGET_NAME = "Get Active";
			};
			name = Release;
		};
/* End XCBuildConfiguration section */

/* Begin XCConfigurationList section */
		2EAE2B792EE0AAA10058A5B7 /* Build configuration list for PBXProject "Get Active" */ = {
			isa = XCConfigurationList;
			buildConfigurations = (
				2EAE2BA02EE0AAA50058A5B7 /* Debug */,
				2EAE2BA12EE0AAA50058A5B7 /* Release */,
			);
			defaultConfigurationIsVisible = 0;
			defaultConfigurationName = Release;
		};
		2EAE2BA22EE0AAA50058A5B7 /* Build configuration list for PBXNativeTarget "Get Active" */ = {
			isa = XCConfigurationList;
			buildConfigurations = (
				2EAE2BA32EE0AAA50058A5B7 /* Debug */,
				2EAE2BA42EE0AAA50058A5B7 /* Release */,
			);
			defaultConfigurationIsVisible = 0;
			defaultConfigurationName = Release;
		};
		2EAE2BA52EE0AAA50058A5B7 /* Build configuration list for PBXNativeTarget "Get ActiveTests" */ = {
			isa = XCConfigurationList;
			buildConfigurations = (
				2EAE2BA62EE0AAA50058A5B7 /* Debug */,
				2EAE2BA72EE0AAA50058A5B7 /* Release */,
			);
			defaultConfigurationIsVisible = 0;
			defaultConfigurationName = Release;
		};
		2EAE2BA82EE0AAA50058A5B7 /* Build configuration list for PBXNativeTarget "Get ActiveUITests" */ = {
			isa = XCConfigurationList;
			buildConfigurations = (
				2EAE2BA92EE0AAA50058A5B7 /* Debug */,
				2EAE2BAA2EE0AAA50058A5B7 /* Release */,
			);
			defaultConfigurationIsVisible = 0;
			defaultConfigurationName = Release;
		};
/* End XCConfigurationList section */

/* Begin XCRemoteSwiftPackageReference section */
		2E1AB0C42F087590002640A1 /* XCRemoteSwiftPackageReference "firebase-ios-sdk" */ = {
			isa = XCRemoteSwiftPackageReference;
			repositoryURL = "https://github.com/firebase/firebase-ios-sdk";
			requirement = {
				kind = upToNextMajorVersion;
				minimumVersion = 12.7.0;
			};
		};
/* End XCRemoteSwiftPackageReference section */

/* Begin XCSwiftPackageProductDependency section */
		2E1AB0CA2F087D66002640A1 /* FirebaseAuth */ = {
			isa = XCSwiftPackageProductDependency;
			package = 2E1AB0C42F087590002640A1 /* XCRemoteSwiftPackageReference "firebase-ios-sdk" */;
			productName = FirebaseAuth;
		};
		2E1AB0CC2F087D79002640A1 /* FirebaseCore */ = {
			isa = XCSwiftPackageProductDependency;
			package = 2E1AB0C42F087590002640A1 /* XCRemoteSwiftPackageReference "firebase-ios-sdk" */;
			productName = FirebaseCore;
		};
		2E1AB0CE2F087DBB002640A1 /* FirebaseFirestore */ = {
			isa = XCSwiftPackageProductDependency;
			package = 2E1AB0C42F087590002640A1 /* XCRemoteSwiftPackageReference "firebase-ios-sdk" */;
			productName = FirebaseFirestore;
		};
		2E1AB0D22F087E42002640A1 /* FirebaseStorage */ = {
			isa = XCSwiftPackageProductDependency;
			package = 2E1AB0C42F087590002640A1 /* XCRemoteSwiftPackageReference "firebase-ios-sdk" */;
			productName = FirebaseStorage;
		};
		2EA0FA4B2F0B6BDB003902CA /* FirebaseDatabase */ = {
			isa = XCSwiftPackageProductDependency;
			package = 2E1AB0C42F087590002640A1 /* XCRemoteSwiftPackageReference "firebase-ios-sdk" */;
			productName = FirebaseDatabase;
		};
/* End XCSwiftPackageProductDependency section */
	};
	rootObject = 2EAE2B762EE0AAA10058A5B7 /* Project object */;
}
